
Microsoft Visual Studio Solution File, Format Version 12.00
# Visual Studio Version 16
VisualStudioVersion = 16.0.32413.511
MinimumVisualStudioVersion = 10.0.40219.1
Project("{FAE04EC0-301F-11D3-BF4B-00C04F79EFBC}") = "Search in a row wise and column wise sorted matrix", "Search in a row wise and column wise sorted matrix\Search in a row wise and column wise sorted matrix.csproj", "{244BF669-52FA-487C-AF20-F23DB6582259}"
EndProject
Global
	GlobalSection(SolutionConfigurationPlatforms) = preSolution
		Debug|Any CPU = Debug|Any CPU
		Release|Any CPU = Release|Any CPU
	EndGlobalSection
	GlobalSection(ProjectConfigurationPlatforms) = postSolution
		{244BF669-52FA-487C-AF20-F23DB6582259}.Debug|Any CPU.ActiveCfg = Debug|Any CPU
		{244BF669-52FA-487C-AF20-F23DB6582259}.Debug|Any CPU.Build.0 = Debug|Any CPU
		{244BF669-52FA-487C-AF20-F23DB6582259}.Release|Any CPU.ActiveCfg = Release|Any CPU
		{244BF669-52FA-487C-AF20-F23DB6582259}.Release|Any CPU.Build.0 = Release|Any CPU
	EndGlobalSection
	GlobalSection(SolutionProperties) = preSolution
		HideSolutionNode = FALSE
	EndGlobalSection
	GlobalSection(ExtensibilityGlobals) = postSolution
		SolutionGuid = {8477D02D-4CEA-415A-9209-96DCD0D89E17}
	EndGlobalSection
EndGlobal
